
Microsoft Visual Studio Solution File, Format Version 12.00
# Visual Studio Version 16
VisualStudioVersion = 16.0.30804.86
MinimumVisualStudioVersion = 10.0.40219.1
Project("{2150E333-8FDC-42A3-9474-1A3956D46DE8}") = "Services", "Services", "{0D22E2F7-FC3B-4DAE-AE0C-27DFEC959B00}"
EndProject
Project("{2150E333-8FDC-42A3-9474-1A3956D46DE8}") = "WebApps", "WebApps", "{064E7B63-AE89-4892-B6DC-90DA55D78B7F}"
EndProject
Project("{2150E333-8FDC-42A3-9474-1A3956D46DE8}") = "Cadastros", "Cadastros", "{CC8F1C1D-1A17-4803-8DA3-9FF92EA892A3}"
EndProject
Project("{2150E333-8FDC-42A3-9474-1A3956D46DE8}") = "Catalogo", "Catalogo", "{2A8E4262-8B85-40C2-903A-BFB86B8ECD11}"
EndProject
Project("{2150E333-8FDC-42A3-9474-1A3956D46DE8}") = "Core", "Core", "{5898384F-1723-424D-8CDF-9E4FCDA1D5EE}"
EndProject
Project("{2150E333-8FDC-42A3-9474-1A3956D46DE8}") = "Fiscal", "Fiscal", "{6C118AA2-C7CE-4725-987A-660AC3039E04}"
EndProject
Project("{2150E333-8FDC-42A3-9474-1A3956D46DE8}") = "Pagamentos", "Pagamentos", "{BA105CBD-C366-4CFF-93CB-7808741247A5}"
EndProject
Project("{2150E333-8FDC-42A3-9474-1A3956D46DE8}") = "Vendas", "Vendas", "{4BF3518C-EF3C-4BE4-AD2A-74FC208CDF39}"
EndProject
Project("{9A19103F-16F7-4668-BE54-9A1E7A4F7556}") = "NerdStore.Catalogo.Domain", "src\NerdStore.Catalogo.Domain\NerdStore.Catalogo.Domain.csproj", "{7488D185-4049-4DCE-A49B-FD53CA02C4D0}"
EndProject
Project("{9A19103F-16F7-4668-BE54-9A1E7A4F7556}") = "NerdStore.Core", "src\NerdStore.Core\NerdStore.Core.csproj", "{5013AEDD-DB70-457F-B5BE-AE0B281CE4EC}"
EndProject
Project("{2150E333-8FDC-42A3-9474-1A3956D46DE8}") = "Tests", "Tests", "{ACD893F8-F483-41E9-B09E-EA9754345120}"
EndProject
Project("{9A19103F-16F7-4668-BE54-9A1E7A4F7556}") = "NerdStore.Catalogo.Domain.Tests", "tests\NerdStore.Catalogo.Domain.Tests\NerdStore.Catalogo.Domain.Tests.csproj", "{8083FC92-0F9C-47DC-B515-07EC99684A70}"
EndProject
Project("{9A19103F-16F7-4668-BE54-9A1E7A4F7556}") = "NerdStore.Catalogo.Data", "src\NerdStore.Catalogo.Data\NerdStore.Catalogo.Data.csproj", "{23CB36DF-3407-4F01-AC39-B548657CF694}"
EndProject
Project("{9A19103F-16F7-4668-BE54-9A1E7A4F7556}") = "NerdStore.Catalogo.Application", "src\NerdStore.Catalogo.Application\NerdStore.Catalogo.Application.csproj", "{7D238E37-051E-4EEE-A430-CC22BA1C7B28}"
EndProject
Project("{9A19103F-16F7-4668-BE54-9A1E7A4F7556}") = "NerdStore.WebApp.MVC", "src\NerdStore.WebApp.MVC\NerdStore.WebApp.MVC.csproj", "{930FA3F0-1FD4-44CD-BDA2-28686269DEFE}"
EndProject
Project("{9A19103F-16F7-4668-BE54-9A1E7A4F7556}") = "NerdStore.Vendas.Domain", "src\NerdStore.Vendas.Domain\NerdStore.Vendas.Domain.csproj", "{BB168603-EA71-4834-96E4-924E3C0719D6}"
EndProject
Project("{9A19103F-16F7-4668-BE54-9A1E7A4F7556}") = "NerdStore.Vendas.Application", "src\NerdStore.Vendas.Application\NerdStore.Vendas.Application.csproj", "{A4189DCE-2A34-407D-B143-3AAF30A112A2}"
EndProject
Project("{9A19103F-16F7-4668-BE54-9A1E7A4F7556}") = "NerdStore.Vendas.Data", "src\NerdStore.Vendas.Data\NerdStore.Vendas.Data.csproj", "{EA627DF2-0945-4093-9F3B-7273265BF2FB}"
EndProject
Project("{9A19103F-16F7-4668-BE54-9A1E7A4F7556}") = "NerdStore.Pagamentos.AntiCorruption", "src\NerdStore.Pagamentos.AntiCorruption\NerdStore.Pagamentos.AntiCorruption.csproj", "{8E64B065-81CE-4A44-B87C-239FF0600943}"
EndProject
Project("{9A19103F-16F7-4668-BE54-9A1E7A4F7556}") = "NerdStore.Pagamentos.Business", "src\NerdStore.Pagamentos.Business\NerdStore.Pagamentos.Business.csproj", "{B0BD2E1C-4C0F-489B-A995-FFCB8F14D97F}"
EndProject
Project("{9A19103F-16F7-4668-BE54-9A1E7A4F7556}") = "NerdStore.Pagamentos.Data", "src\NerdStore.Pagamentos.Data\NerdStore.Pagamentos.Data.csproj", "{46ACA74E-288B-4260-B571-9B1D0E9A2465}"
EndProject
Project("{2150E333-8FDC-42A3-9474-1A3956D46DE8}") = "BuildingBlocks", "BuildingBlocks", "{5DBE18B1-AC8F-49C5-9FDE-38AE24D79C1C}"
EndProject
Project("{FAE04EC0-301F-11D3-BF4B-00C04F79EFBC}") = "EventSourcing", "src\EventSourcing\EventSourcing.csproj", "{EE8A8E24-39EF-44EF-B355-05E29A6F8A75}"
EndProject
Global
	GlobalSection(SolutionConfigurationPlatforms) = preSolution
		Debug|Any CPU = Debug|Any CPU
		Release|Any CPU = Release|Any CPU
	EndGlobalSection
	GlobalSection(ProjectConfigurationPlatforms) = postSolution
		{7488D185-4049-4DCE-A49B-FD53CA02C4D0}.Debug|Any CPU.ActiveCfg = Debug|Any CPU
		{7488D185-4049-4DCE-A49B-FD53CA02C4D0}.Debug|Any CPU.Build.0 = Debug|Any CPU
		{7488D185-4049-4DCE-A49B-FD53CA02C4D0}.Release|Any CPU.ActiveCfg = Release|Any CPU
		{7488D185-4049-4DCE-A49B-FD53CA02C4D0}.Release|Any CPU.Build.0 = Release|Any CPU
		{5013AEDD-DB70-457F-B5BE-AE0B281CE4EC}.Debug|Any CPU.ActiveCfg = Debug|Any CPU
		{5013AEDD-DB70-457F-B5BE-AE0B281CE4EC}.Debug|Any CPU.Build.0 = Debug|Any CPU
		{5013AEDD-DB70-457F-B5BE-AE0B281CE4EC}.Release|Any CPU.ActiveCfg = Release|Any CPU
		{5013AEDD-DB70-457F-B5BE-AE0B281CE4EC}.Release|Any CPU.Build.0 = Release|Any CPU
		{8083FC92-0F9C-47DC-B515-07EC99684A70}.Debug|Any CPU.ActiveCfg = Debug|Any CPU
		{8083FC92-0F9C-47DC-B515-07EC99684A70}.Debug|Any CPU.Build.0 = Debug|Any CPU
		{8083FC92-0F9C-47DC-B515-07EC99684A70}.Release|Any CPU.ActiveCfg = Release|Any CPU
		{8083FC92-0F9C-47DC-B515-07EC99684A70}.Release|Any CPU.Build.0 = Release|Any CPU
		{23CB36DF-3407-4F01-AC39-B548657CF694}.Debug|Any CPU.ActiveCfg = Debug|Any CPU
		{23CB36DF-3407-4F01-AC39-B548657CF694}.Debug|Any CPU.Build.0 = Debug|Any CPU
		{23CB36DF-3407-4F01-AC39-B548657CF694}.Release|Any CPU.ActiveCfg = Release|Any CPU
		{23CB36DF-3407-4F01-AC39-B548657CF694}.Release|Any CPU.Build.0 = Release|Any CPU
		{7D238E37-051E-4EEE-A430-CC22BA1C7B28}.Debug|Any CPU.ActiveCfg = Debug|Any CPU
		{7D238E37-051E-4EEE-A430-CC22BA1C7B28}.Debug|Any CPU.Build.0 = Debug|Any CPU
		{7D238E37-051E-4EEE-A430-CC22BA1C7B28}.Release|Any CPU.ActiveCfg = Release|Any CPU
		{7D238E37-051E-4EEE-A430-CC22BA1C7B28}.Release|Any CPU.Build.0 = Release|Any CPU
		{930FA3F0-1FD4-44CD-BDA2-28686269DEFE}.Debug|Any CPU.ActiveCfg = Debug|Any CPU
		{930FA3F0-1FD4-44CD-BDA2-28686269DEFE}.Debug|Any CPU.Build.0 = Debug|Any CPU
		{930FA3F0-1FD4-44CD-BDA2-28686269DEFE}.Release|Any CPU.ActiveCfg = Release|Any CPU
		{930FA3F0-1FD4-44CD-BDA2-28686269DEFE}.Release|Any CPU.Build.0 = Release|Any CPU
		{BB168603-EA71-4834-96E4-924E3C0719D6}.Debug|Any CPU.ActiveCfg = Debug|Any CPU
		{BB168603-EA71-4834-96E4-924E3C0719D6}.Debug|Any CPU.Build.0 = Debug|Any CPU
		{BB168603-EA71-4834-96E4-924E3C0719D6}.Release|Any CPU.ActiveCfg = Release|Any CPU
		{BB168603-EA71-4834-96E4-924E3C0719D6}.Release|Any CPU.Build.0 = Release|Any CPU
		{A4189DCE-2A34-407D-B143-3AAF30A112A2}.Debug|Any CPU.ActiveCfg = Debug|Any CPU
		{A4189DCE-2A34-407D-B143-3AAF30A112A2}.Debug|Any CPU.Build.0 = Debug|Any CPU
		{A4189DCE-2A34-407D-B143-3AAF30A112A2}.Release|Any CPU.ActiveCfg = Release|Any CPU
		{A4189DCE-2A34-407D-B143-3AAF30A112A2}.Release|Any CPU.Build.0 = Release|Any CPU
		{EA627DF2-0945-4093-9F3B-7273265BF2FB}.Debug|Any CPU.ActiveCfg = Debug|Any CPU
		{EA627DF2-0945-4093-9F3B-7273265BF2FB}.Debug|Any CPU.Build.0 = Debug|Any CPU
		{EA627DF2-0945-4093-9F3B-7273265BF2FB}.Release|Any CPU.ActiveCfg = Release|Any CPU
		{EA627DF2-0945-4093-9F3B-7273265BF2FB}.Release|Any CPU.Build.0 = Release|Any CPU
		{8E64B065-81CE-4A44-B87C-239FF0600943}.Debug|Any CPU.ActiveCfg = Debug|Any CPU
		{8E64B065-81CE-4A44-B87C-239FF0600943}.Debug|Any CPU.Build.0 = Debug|Any CPU
		{8E64B065-81CE-4A44-B87C-239FF0600943}.Release|Any CPU.ActiveCfg = Release|Any CPU
		{8E64B065-81CE-4A44-B87C-239FF0600943}.Release|Any CPU.Build.0 = Release|Any CPU
		{B0BD2E1C-4C0F-489B-A995-FFCB8F14D97F}.Debug|Any CPU.ActiveCfg = Debug|Any CPU
		{B0BD2E1C-4C0F-489B-A995-FFCB8F14D97F}.Debug|Any CPU.Build.0 = Debug|Any CPU
		{B0BD2E1C-4C0F-489B-A995-FFCB8F14D97F}.Release|Any CPU.ActiveCfg = Release|Any CPU
		{B0BD2E1C-4C0F-489B-A995-FFCB8F14D97F}.Release|Any CPU.Build.0 = Release|Any CPU
		{46ACA74E-288B-4260-B571-9B1D0E9A2465}.Debug|Any CPU.ActiveCfg = Debug|Any CPU
		{46ACA74E-288B-4260-B571-9B1D0E9A2465}.Debug|Any CPU.Build.0 = Debug|Any CPU
		{46ACA74E-288B-4260-B571-9B1D0E9A2465}.Release|Any CPU.ActiveCfg = Release|Any CPU
		{46ACA74E-288B-4260-B571-9B1D0E9A2465}.Release|Any CPU.Build.0 = Release|Any CPU
		{EE8A8E24-39EF-44EF-B355-05E29A6F8A75}.Debug|Any CPU.ActiveCfg = Debug|Any CPU
		{EE8A8E24-39EF-44EF-B355-05E29A6F8A75}.Debug|Any CPU.Build.0 = Debug|Any CPU
		{EE8A8E24-39EF-44EF-B355-05E29A6F8A75}.Release|Any CPU.ActiveCfg = Release|Any CPU
		{EE8A8E24-39EF-44EF-B355-05E29A6F8A75}.Release|Any CPU.Build.0 = Release|Any CPU
	EndGlobalSection
	GlobalSection(SolutionProperties) = preSolution
		HideSolutionNode = FALSE
	EndGlobalSection
	GlobalSection(NestedProjects) = preSolution
		{CC8F1C1D-1A17-4803-8DA3-9FF92EA892A3} = {0D22E2F7-FC3B-4DAE-AE0C-27DFEC959B00}
		{2A8E4262-8B85-40C2-903A-BFB86B8ECD11} = {0D22E2F7-FC3B-4DAE-AE0C-27DFEC959B00}
		{5898384F-1723-424D-8CDF-9E4FCDA1D5EE} = {0D22E2F7-FC3B-4DAE-AE0C-27DFEC959B00}
		{6C118AA2-C7CE-4725-987A-660AC3039E04} = {0D22E2F7-FC3B-4DAE-AE0C-27DFEC959B00}
		{BA105CBD-C366-4CFF-93CB-7808741247A5} = {0D22E2F7-FC3B-4DAE-AE0C-27DFEC959B00}
		{4BF3518C-EF3C-4BE4-AD2A-74FC208CDF39} = {0D22E2F7-FC3B-4DAE-AE0C-27DFEC959B00}
		{7488D185-4049-4DCE-A49B-FD53CA02C4D0} = {2A8E4262-8B85-40C2-903A-BFB86B8ECD11}
		{5013AEDD-DB70-457F-B5BE-AE0B281CE4EC} = {5898384F-1723-424D-8CDF-9E4FCDA1D5EE}
		{ACD893F8-F483-41E9-B09E-EA9754345120} = {2A8E4262-8B85-40C2-903A-BFB86B8ECD11}
		{8083FC92-0F9C-47DC-B515-07EC99684A70} = {ACD893F8-F483-41E9-B09E-EA9754345120}
		{23CB36DF-3407-4F01-AC39-B548657CF694} = {2A8E4262-8B85-40C2-903A-BFB86B8ECD11}
		{7D238E37-051E-4EEE-A430-CC22BA1C7B28} = {2A8E4262-8B85-40C2-903A-BFB86B8ECD11}
		{930FA3F0-1FD4-44CD-BDA2-28686269DEFE} = {064E7B63-AE89-4892-B6DC-90DA55D78B7F}
		{BB168603-EA71-4834-96E4-924E3C0719D6} = {4BF3518C-EF3C-4BE4-AD2A-74FC208CDF39}
		{A4189DCE-2A34-407D-B143-3AAF30A112A2} = {4BF3518C-EF3C-4BE4-AD2A-74FC208CDF39}
		{EA627DF2-0945-4093-9F3B-7273265BF2FB} = {4BF3518C-EF3C-4BE4-AD2A-74FC208CDF39}
		{8E64B065-81CE-4A44-B87C-239FF0600943} = {BA105CBD-C366-4CFF-93CB-7808741247A5}
		{B0BD2E1C-4C0F-489B-A995-FFCB8F14D97F} = {BA105CBD-C366-4CFF-93CB-7808741247A5}
		{46ACA74E-288B-4260-B571-9B1D0E9A2465} = {BA105CBD-C366-4CFF-93CB-7808741247A5}
		{EE8A8E24-39EF-44EF-B355-05E29A6F8A75} = {5DBE18B1-AC8F-49C5-9FDE-38AE24D79C1C}
	EndGlobalSection
	GlobalSection(ExtensibilityGlobals) = postSolution
		SolutionGuid = {864A5002-A7AA-4496-AAE1-C915F0180C19}
	EndGlobalSection
EndGlobal
